{
  "version": 4,
  "terraform_version": "1.9.8",
  "serial": 80,
  "lineage": "2a1f137f-0525-db81-2a41-a5241bc7f215",
  "outputs": {},
  "resources": [
    {
      "module": "module.cluster_module",
      "mode": "managed",
      "type": "aws_eks_cluster",
      "name": "eks",
      "provider": "provider[\"registry.terraform.io/hashicorp/aws\"]",
      "instances": [
        {
          "schema_version": 1,
          "attributes": {
            "access_config": [
              {
                "authentication_mode": "CONFIG_MAP",
                "bootstrap_cluster_creator_admin_permissions": true
              }
            ],
            "arn": "arn:aws:eks:us-east-1:888577031487:cluster/eks",
            "bootstrap_self_managed_addons": true,
            "certificate_authority": [
              {
                "data": "LS0tLS1CRUdJTiBDRVJUSUZJQ0FURS0tLS0tCk1JSUMvakNDQWVhZ0F3SUJBZ0lCQURBTkJna3Foa2lHOXcwQkFRc0ZBREFWTVJNd0VRWURWUVFERXdwcmRXSmwKY201bGRHVnpNQjRYRFRJME1UQXhPVEV6TXpRek0xb1hEVE0wTVRBeE56RXpNelF6TTFvd0ZURVRNQkVHQTFVRQpBeE1LYTNWaVpYSnVaWFJsY3pDQ0FTSXdEUVlKS29aSWh2Y05BUUVCQlFBRGdnRVBBRENDQVFvQ2dnRUJBSlNXCkVMRDZhVkxXQ0RQWnFPek1NQzhFcmJJT2gzZUprMmJvN0g2ZWMrWTY0VmhLZTNzUDdlY0huSHhzTHlBVDhaT00KU2hLamxaZDIvTjJDMUllblUzWlhIZHpwQ05wcC9QQ1IzSktQZHR4RmpPMTFZN3JtTkdzSTN1K2h0LzNlRXBFUQpIOXY1TE5wdjQxeGFIUW5RbmlLNVVyaStpRFJsM2Z0K3BjNWkvaWFmSnpJSXBnL0tuMktvZHNpc09SUENtN2Y2CnJmNkZNUDIya0wzaVVGQ1BqbzRQdzJjRGprbnRwWldZTHE1ZlZwamtoYkpvdk96dG8xVFpXeUliaHZnNSt1N1AKbFFPWWF1VlBPSUIzaHlUN2o3bWNMcVhqS01lMkRnY28wTlEzbnBiUVFRcjJheXFmNVBTQU52VXlpUGlzUjlOZgpvYXVtZS9UdzVYTEtxaEx2VWZzQ0F3RUFBYU5aTUZjd0RnWURWUjBQQVFIL0JBUURBZ0trTUE4R0ExVWRFd0VCCi93UUZNQU1CQWY4d0hRWURWUjBPQkJZRUZBc24yR2hsWG5vVDBIbjAzRHBCNXpDMW1yblFNQlVHQTFVZEVRUU8KTUF5Q0NtdDFZbVZ5Ym1WMFpYTXdEUVlKS29aSWh2Y05BUUVMQlFBRGdnRUJBQ01xaW4vUVhDYjRjSEpCWGhaegprcHFDdzV4MUJBUjJSVjZ6SXA1SS9SRVhFUGZ5RU1ZMVU3ZlNJTnJ3WHBac3g1T29hRnJKeUlhSGFhZGZmdzhqCmhEZktlTkVkTXJpVDFjRWVXWDFJZlI3MnljSXNaRTQwZVJIQlBOa2pTbW9KUzNiZ1pDcjRDcmNncXpOOWNRMU0KaWNjcHhOUU5UWGhrdUQ1TTNyL3dZUE0xWHFrNTRleW4yVUhDWkJPU2xuZDVEaUhoOWFWWDBkYnJnNFdNUi81UApHSHFHNzVGUytod0E4WDJEajBEWE50cSt4M3BTUXZvNmY4SXNHN0w5aUVjSkhTWTB1TUdmeVhoc3l1Zlk4S3F0Cmd1MytZQWNHV0R6WkZpNFJDd1YrUWZMNEZYajB2M2MxWkJnV3p1ekZRLzZDSXg1UHpHZzVnOGkwQkgvNXdsSlkKam9ZPQotLS0tLUVORCBDRVJUSUZJQ0FURS0tLS0tCg=="
              }
            ],
            "cluster_id": null,
            "created_at": "2024-10-19T13:29:13Z",
            "enabled_cluster_log_types": null,
            "encryption_config": [],
            "endpoint": "https://4027019FBE13B98E5C5BC0C20448D665.gr7.us-east-1.eks.amazonaws.com",
            "id": "eks",
            "identity": [
              {
                "oidc": [
                  {
                    "issuer": "https://oidc.eks.us-east-1.amazonaws.com/id/4027019FBE13B98E5C5BC0C20448D665"
                  }
                ]
              }
            ],
            "kubernetes_network_config": [
              {
                "ip_family": "ipv4",
                "service_ipv4_cidr": "172.20.0.0/16",
                "service_ipv6_cidr": ""
              }
            ],
            "name": "eks",
            "outpost_config": [],
            "platform_version": "eks.32",
            "role_arn": "arn:aws:iam::888577031487:role/eks-cluster",
            "status": "ACTIVE",
            "tags": null,
            "tags_all": {},
            "timeouts": null,
            "upgrade_policy": [
              {
                "support_type": "EXTENDED"
              }
            ],
            "version": "1.24",
            "vpc_config": [
              {
                "cluster_security_group_id": "sg-018d01283b95e02e4",
                "endpoint_private_access": true,
                "endpoint_public_access": true,
                "public_access_cidrs": [
                  "0.0.0.0/0"
                ],
                "security_group_ids": null,
                "subnet_ids": [
                  "subnet-005ed5f2dd9ab3d01",
                  "subnet-05ae026617f7cab63",
                  "subnet-0822bef3e75813d6e",
                  "subnet-09063a511f673e1bd"
                ],
                "vpc_id": "vpc-0d3febc1d60e2492b"
              }
            ]
          },
          "sensitive_attributes": [],
          "private": "eyJlMmJmYjczMC1lY2FhLTExZTYtOGY4OC0zNDM2M2JjN2M0YzAiOnsiY3JlYXRlIjoxODAwMDAwMDAwMDAwLCJkZWxldGUiOjkwMDAwMDAwMDAwMCwidXBkYXRlIjozNjAwMDAwMDAwMDAwfSwic2NoZW1hX3ZlcnNpb24iOiIxIn0=",
          "dependencies": [
            "module.cluster_module.aws_iam_role.eks_cluster",
            "module.cluster_module.aws_iam_role_policy_attachment.amazon_eks_cluster_policy",
            "module.network_module.aws_subnet.private_us_east_1a",
            "module.network_module.aws_subnet.private_us_east_1b",
            "module.network_module.aws_subnet.public_us_east_1a",
            "module.network_module.aws_subnet.public_us_east_1b",
            "module.network_module.aws_vpc.main"
          ]
        }
      ]
    },
    {
      "module": "module.cluster_module",
      "mode": "managed",
      "type": "aws_eks_node_group",
      "name": "nodes_general",
      "provider": "provider[\"registry.terraform.io/hashicorp/aws\"]",
      "instances": [
        {
          "schema_version": 0,
          "attributes": {
            "ami_type": "AL2_x86_64",
            "arn": "arn:aws:eks:us-east-1:888577031487:nodegroup/eks/nodes-general/3ac95280-b438-4eb0-b868-7b1e463c907f",
            "capacity_type": "ON_DEMAND",
            "cluster_name": "eks",
            "disk_size": 20,
            "force_update_version": false,
            "id": "eks:nodes-general",
            "instance_types": [
              "t3.small"
            ],
            "labels": {
              "role": "nodes-general"
            },
            "launch_template": [],
            "node_group_name": "nodes-general",
            "node_group_name_prefix": "",
            "node_role_arn": "arn:aws:iam::888577031487:role/eks-node-group-general",
            "release_version": "1.24.17-20241011",
            "remote_access": [],
            "resources": [
              {
                "autoscaling_groups": [
                  {
                    "name": "eks-nodes-general-3ac95280-b438-4eb0-b868-7b1e463c907f"
                  }
                ],
                "remote_access_security_group_id": ""
              }
            ],
            "scaling_config": [
              {
                "desired_size": 1,
                "max_size": 1,
                "min_size": 1
              }
            ],
            "status": "ACTIVE",
            "subnet_ids": [
              "subnet-0822bef3e75813d6e",
              "subnet-09063a511f673e1bd"
            ],
            "tags": null,
            "tags_all": {},
            "taint": [],
            "timeouts": null,
            "update_config": [
              {
                "max_unavailable": 1,
                "max_unavailable_percentage": 0
              }
            ],
            "version": "1.24"
          },
          "sensitive_attributes": [],
          "private": "eyJlMmJmYjczMC1lY2FhLTExZTYtOGY4OC0zNDM2M2JjN2M0YzAiOnsiY3JlYXRlIjozNjAwMDAwMDAwMDAwLCJkZWxldGUiOjM2MDAwMDAwMDAwMDAsInVwZGF0ZSI6MzYwMDAwMDAwMDAwMH19",
          "dependencies": [
            "module.cluster_module.aws_eks_cluster.eks",
            "module.cluster_module.aws_iam_role.eks_cluster",
            "module.cluster_module.aws_iam_role.nodes_general",
            "module.cluster_module.aws_iam_role_policy_attachment.amazon_ec2_container_registry_read_only",
            "module.cluster_module.aws_iam_role_policy_attachment.amazon_eks_cluster_policy",
            "module.cluster_module.aws_iam_role_policy_attachment.amazon_eks_cni_policy_general",
            "module.cluster_module.aws_iam_role_policy_attachment.amazon_eks_worker_node_policy_general",
            "module.network_module.aws_subnet.private_us_east_1a",
            "module.network_module.aws_subnet.private_us_east_1b",
            "module.network_module.aws_subnet.public_us_east_1a",
            "module.network_module.aws_subnet.public_us_east_1b",
            "module.network_module.aws_vpc.main"
          ]
        }
      ]
    },
    {
      "module": "module.cluster_module",
      "mode": "managed",
      "type": "aws_iam_role",
      "name": "eks_cluster",
      "provider": "provider[\"registry.terraform.io/hashicorp/aws\"]",
      "instances": [
        {
          "schema_version": 0,
          "attributes": {
            "arn": "arn:aws:iam::888577031487:role/eks-cluster",
            "assume_role_policy": "{\"Statement\":[{\"Action\":\"sts:AssumeRole\",\"Effect\":\"Allow\",\"Principal\":{\"Service\":\"eks.amazonaws.com\"}}],\"Version\":\"2012-10-17\"}",
            "create_date": "2024-10-19T13:28:44Z",
            "description": "",
            "force_detach_policies": false,
            "id": "eks-cluster",
            "inline_policy": [],
            "managed_policy_arns": [],
            "max_session_duration": 3600,
            "name": "eks-cluster",
            "name_prefix": "",
            "path": "/",
            "permissions_boundary": "",
            "tags": null,
            "tags_all": {},
            "unique_id": "AROA45Y2RPU73WJFAOJK3"
          },
          "sensitive_attributes": [],
          "private": "bnVsbA=="
        }
      ]
    },
    {
      "module": "module.cluster_module",
      "mode": "managed",
      "type": "aws_iam_role",
      "name": "nodes_general",
      "provider": "provider[\"registry.terraform.io/hashicorp/aws\"]",
      "instances": [
        {
          "schema_version": 0,
          "attributes": {
            "arn": "arn:aws:iam::888577031487:role/eks-node-group-general",
            "assume_role_policy": "{\"Statement\":[{\"Action\":\"sts:AssumeRole\",\"Effect\":\"Allow\",\"Principal\":{\"Service\":\"ec2.amazonaws.com\"}}],\"Version\":\"2012-10-17\"}",
            "create_date": "2024-10-19T13:28:44Z",
            "description": "",
            "force_detach_policies": false,
            "id": "eks-node-group-general",
            "inline_policy": [],
            "managed_policy_arns": [],
            "max_session_duration": 3600,
            "name": "eks-node-group-general",
            "name_prefix": "",
            "path": "/",
            "permissions_boundary": "",
            "tags": null,
            "tags_all": {},
            "unique_id": "AROA45Y2RPU7ZEPEA4RJS"
          },
          "sensitive_attributes": [],
          "private": "bnVsbA=="
        }
      ]
    },
    {
      "module": "module.cluster_module",
      "mode": "managed",
      "type": "aws_iam_role_policy_attachment",
      "name": "amazon_ec2_container_registry_read_only",
      "provider": "provider[\"registry.terraform.io/hashicorp/aws\"]",
      "instances": [
        {
          "schema_version": 0,
          "attributes": {
            "id": "eks-node-group-general-20241019132845014200000002",
            "policy_arn": "arn:aws:iam::aws:policy/AmazonEC2ContainerRegistryReadOnly",
            "role": "eks-node-group-general"
          },
          "sensitive_attributes": [],
          "private": "bnVsbA==",
          "dependencies": [
            "module.cluster_module.aws_iam_role.nodes_general"
          ]
        }
      ]
    },
    {
      "module": "module.cluster_module",
      "mode": "managed",
      "type": "aws_iam_role_policy_attachment",
      "name": "amazon_eks_cluster_policy",
      "provider": "provider[\"registry.terraform.io/hashicorp/aws\"]",
      "instances": [
        {
          "schema_version": 0,
          "attributes": {
            "id": "eks-cluster-20241019132844972200000001",
            "policy_arn": "arn:aws:iam::aws:policy/AmazonEKSClusterPolicy",
            "role": "eks-cluster"
          },
          "sensitive_attributes": [],
          "private": "bnVsbA==",
          "dependencies": [
            "module.cluster_module.aws_iam_role.eks_cluster"
          ]
        }
      ]
    },
    {
      "module": "module.cluster_module",
      "mode": "managed",
      "type": "aws_iam_role_policy_attachment",
      "name": "amazon_eks_cni_policy_general",
      "provider": "provider[\"registry.terraform.io/hashicorp/aws\"]",
      "instances": [
        {
          "schema_version": 0,
          "attributes": {
            "id": "eks-node-group-general-20241019132845193000000003",
            "policy_arn": "arn:aws:iam::aws:policy/AmazonEKS_CNI_Policy",
            "role": "eks-node-group-general"
          },
          "sensitive_attributes": [],
          "private": "bnVsbA==",
          "dependencies": [
            "module.cluster_module.aws_iam_role.nodes_general"
          ]
        }
      ]
    },
    {
      "module": "module.cluster_module",
      "mode": "managed",
      "type": "aws_iam_role_policy_attachment",
      "name": "amazon_eks_worker_node_policy_general",
      "provider": "provider[\"registry.terraform.io/hashicorp/aws\"]",
      "instances": [
        {
          "schema_version": 0,
          "attributes": {
            "id": "eks-node-group-general-20241019132845243200000004",
            "policy_arn": "arn:aws:iam::aws:policy/AmazonEKSWorkerNodePolicy",
            "role": "eks-node-group-general"
          },
          "sensitive_attributes": [],
          "private": "bnVsbA==",
          "dependencies": [
            "module.cluster_module.aws_iam_role.nodes_general"
          ]
        }
      ]
    },
    {
      "module": "module.network_module",
      "mode": "managed",
      "type": "aws_eip",
      "name": "nat1",
      "provider": "provider[\"registry.terraform.io/hashicorp/aws\"]",
      "instances": [
        {
          "schema_version": 0,
          "attributes": {
            "address": null,
            "allocation_id": "eipalloc-0d99b50fbf99aebe2",
            "arn": "arn:aws:ec2:us-east-1:888577031487:elastic-ip/eipalloc-0d99b50fbf99aebe2",
            "associate_with_private_ip": null,
            "association_id": "",
            "carrier_ip": "",
            "customer_owned_ip": "",
            "customer_owned_ipv4_pool": "",
            "domain": "vpc",
            "id": "eipalloc-0d99b50fbf99aebe2",
            "instance": "",
            "ipam_pool_id": null,
            "network_border_group": "us-east-1",
            "network_interface": "",
            "private_dns": null,
            "private_ip": "",
            "ptr_record": "",
            "public_dns": "ec2-54-162-4-171.compute-1.amazonaws.com",
            "public_ip": "54.162.4.171",
            "public_ipv4_pool": "amazon",
            "tags": null,
            "tags_all": {},
            "timeouts": null,
            "vpc": true
          },
          "sensitive_attributes": [],
          "private": "eyJlMmJmYjczMC1lY2FhLTExZTYtOGY4OC0zNDM2M2JjN2M0YzAiOnsiZGVsZXRlIjoxODAwMDAwMDAwMDAsInJlYWQiOjkwMDAwMDAwMDAwMCwidXBkYXRlIjozMDAwMDAwMDAwMDB9fQ==",
          "dependencies": [
            "module.network_module.aws_internet_gateway.igw_main",
            "module.network_module.aws_vpc.main"
          ]
        }
      ]
    },
    {
      "module": "module.network_module",
      "mode": "managed",
      "type": "aws_eip",
      "name": "nat2",
      "provider": "provider[\"registry.terraform.io/hashicorp/aws\"]",
      "instances": [
        {
          "schema_version": 0,
          "attributes": {
            "address": null,
            "allocation_id": "eipalloc-09435694590d21111",
            "arn": "arn:aws:ec2:us-east-1:888577031487:elastic-ip/eipalloc-09435694590d21111",
            "associate_with_private_ip": null,
            "association_id": "",
            "carrier_ip": "",
            "customer_owned_ip": "",
            "customer_owned_ipv4_pool": "",
            "domain": "vpc",
            "id": "eipalloc-09435694590d21111",
            "instance": "",
            "ipam_pool_id": null,
            "network_border_group": "us-east-1",
            "network_interface": "",
            "private_dns": null,
            "private_ip": "",
            "ptr_record": "",
            "public_dns": "ec2-52-23-65-57.compute-1.amazonaws.com",
            "public_ip": "52.23.65.57",
            "public_ipv4_pool": "amazon",
            "tags": null,
            "tags_all": {},
            "timeouts": null,
            "vpc": true
          },
          "sensitive_attributes": [],
          "private": "eyJlMmJmYjczMC1lY2FhLTExZTYtOGY4OC0zNDM2M2JjN2M0YzAiOnsiZGVsZXRlIjoxODAwMDAwMDAwMDAsInJlYWQiOjkwMDAwMDAwMDAwMCwidXBkYXRlIjozMDAwMDAwMDAwMDB9fQ==",
          "dependencies": [
            "module.network_module.aws_internet_gateway.igw_main",
            "module.network_module.aws_vpc.main"
          ]
        }
      ]
    },
    {
      "module": "module.network_module",
      "mode": "managed",
      "type": "aws_internet_gateway",
      "name": "igw_main",
      "provider": "provider[\"registry.terraform.io/hashicorp/aws\"]",
      "instances": [
        {
          "schema_version": 0,
          "attributes": {
            "arn": "arn:aws:ec2:us-east-1:888577031487:internet-gateway/igw-0f7c9038a249be653",
            "id": "igw-0f7c9038a249be653",
            "owner_id": "888577031487",
            "tags": {
              "Name": "igw_main"
            },
            "tags_all": {
              "Name": "igw_main"
            },
            "timeouts": null,
            "vpc_id": "vpc-0d3febc1d60e2492b"
          },
          "sensitive_attributes": [],
          "private": "eyJlMmJmYjczMC1lY2FhLTExZTYtOGY4OC0zNDM2M2JjN2M0YzAiOnsiY3JlYXRlIjoxMjAwMDAwMDAwMDAwLCJkZWxldGUiOjEyMDAwMDAwMDAwMDAsInVwZGF0ZSI6MTIwMDAwMDAwMDAwMH19",
          "dependencies": [
            "module.network_module.aws_vpc.main"
          ]
        }
      ]
    },
    {
      "module": "module.network_module",
      "mode": "managed",
      "type": "aws_nat_gateway",
      "name": "nat_gw1",
      "provider": "provider[\"registry.terraform.io/hashicorp/aws\"]",
      "instances": [
        {
          "schema_version": 0,
          "attributes": {
            "allocation_id": "eipalloc-0d99b50fbf99aebe2",
            "association_id": "eipassoc-07d8948b442425bb0",
            "connectivity_type": "public",
            "id": "nat-05f96886513ed5e90",
            "network_interface_id": "eni-03f9735a8acd7f763",
            "private_ip": "10.0.0.33",
            "public_ip": "54.162.4.171",
            "secondary_allocation_ids": null,
            "secondary_private_ip_address_count": 0,
            "secondary_private_ip_addresses": [],
            "subnet_id": "subnet-05ae026617f7cab63",
            "tags": {
              "Name": "gw NAT1"
            },
            "tags_all": {
              "Name": "gw NAT1"
            },
            "timeouts": null
          },
          "sensitive_attributes": [],
          "private": "eyJlMmJmYjczMC1lY2FhLTExZTYtOGY4OC0zNDM2M2JjN2M0YzAiOnsiY3JlYXRlIjo2MDAwMDAwMDAwMDAsImRlbGV0ZSI6MTgwMDAwMDAwMDAwMCwidXBkYXRlIjo2MDAwMDAwMDAwMDB9fQ==",
          "dependencies": [
            "module.network_module.aws_eip.nat1",
            "module.network_module.aws_internet_gateway.igw_main",
            "module.network_module.aws_subnet.public_us_east_1a",
            "module.network_module.aws_vpc.main"
          ]
        }
      ]
    },
    {
      "module": "module.network_module",
      "mode": "managed",
      "type": "aws_nat_gateway",
      "name": "nat_gw2",
      "provider": "provider[\"registry.terraform.io/hashicorp/aws\"]",
      "instances": [
        {
          "schema_version": 0,
          "attributes": {
            "allocation_id": "eipalloc-09435694590d21111",
            "association_id": "eipassoc-027a5346e9e606879",
            "connectivity_type": "public",
            "id": "nat-05d7049b9fb1412aa",
            "network_interface_id": "eni-03d99d71d428c8a76",
            "private_ip": "10.0.1.199",
            "public_ip": "52.23.65.57",
            "secondary_allocation_ids": null,
            "secondary_private_ip_address_count": 0,
            "secondary_private_ip_addresses": [],
            "subnet_id": "subnet-005ed5f2dd9ab3d01",
            "tags": {
              "Name": "gw NAT2"
            },
            "tags_all": {
              "Name": "gw NAT2"
            },
            "timeouts": null
          },
          "sensitive_attributes": [],
          "private": "eyJlMmJmYjczMC1lY2FhLTExZTYtOGY4OC0zNDM2M2JjN2M0YzAiOnsiY3JlYXRlIjo2MDAwMDAwMDAwMDAsImRlbGV0ZSI6MTgwMDAwMDAwMDAwMCwidXBkYXRlIjo2MDAwMDAwMDAwMDB9fQ==",
          "dependencies": [
            "module.network_module.aws_eip.nat2",
            "module.network_module.aws_internet_gateway.igw_main",
            "module.network_module.aws_subnet.public_us_east_1b",
            "module.network_module.aws_vpc.main"
          ]
        }
      ]
    },
    {
      "module": "module.network_module",
      "mode": "managed",
      "type": "aws_route_table",
      "name": "private1_route_table",
      "provider": "provider[\"registry.terraform.io/hashicorp/aws\"]",
      "instances": [
        {
          "schema_version": 0,
          "attributes": {
            "arn": "arn:aws:ec2:us-east-1:888577031487:route-table/rtb-04d1d4f238d2e0cc2",
            "id": "rtb-04d1d4f238d2e0cc2",
            "owner_id": "888577031487",
            "propagating_vgws": [],
            "route": [
              {
                "carrier_gateway_id": "",
                "cidr_block": "0.0.0.0/0",
                "core_network_arn": "",
                "destination_prefix_list_id": "",
                "egress_only_gateway_id": "",
                "gateway_id": "",
                "ipv6_cidr_block": "",
                "local_gateway_id": "",
                "nat_gateway_id": "nat-05f96886513ed5e90",
                "network_interface_id": "",
                "transit_gateway_id": "",
                "vpc_endpoint_id": "",
                "vpc_peering_connection_id": ""
              }
            ],
            "tags": {
              "Name": "private1_route_table"
            },
            "tags_all": {
              "Name": "private1_route_table"
            },
            "timeouts": null,
            "vpc_id": "vpc-0d3febc1d60e2492b"
          },
          "sensitive_attributes": [],
          "private": "eyJlMmJmYjczMC1lY2FhLTExZTYtOGY4OC0zNDM2M2JjN2M0YzAiOnsiY3JlYXRlIjozMDAwMDAwMDAwMDAsImRlbGV0ZSI6MzAwMDAwMDAwMDAwLCJ1cGRhdGUiOjEyMDAwMDAwMDAwMH19",
          "dependencies": [
            "module.network_module.aws_eip.nat1",
            "module.network_module.aws_internet_gateway.igw_main",
            "module.network_module.aws_nat_gateway.nat_gw1",
            "module.network_module.aws_subnet.public_us_east_1a",
            "module.network_module.aws_vpc.main"
          ]
        }
      ]
    },
    {
      "module": "module.network_module",
      "mode": "managed",
      "type": "aws_route_table",
      "name": "private2_route_table",
      "provider": "provider[\"registry.terraform.io/hashicorp/aws\"]",
      "instances": [
        {
          "schema_version": 0,
          "attributes": {
            "arn": "arn:aws:ec2:us-east-1:888577031487:route-table/rtb-0da0ed0ae22e06734",
            "id": "rtb-0da0ed0ae22e06734",
            "owner_id": "888577031487",
            "propagating_vgws": [],
            "route": [
              {
                "carrier_gateway_id": "",
                "cidr_block": "0.0.0.0/0",
                "core_network_arn": "",
                "destination_prefix_list_id": "",
                "egress_only_gateway_id": "",
                "gateway_id": "",
                "ipv6_cidr_block": "",
                "local_gateway_id": "",
                "nat_gateway_id": "nat-05d7049b9fb1412aa",
                "network_interface_id": "",
                "transit_gateway_id": "",
                "vpc_endpoint_id": "",
                "vpc_peering_connection_id": ""
              }
            ],
            "tags": {
              "Name": "private2_route_table"
            },
            "tags_all": {
              "Name": "private2_route_table"
            },
            "timeouts": null,
            "vpc_id": "vpc-0d3febc1d60e2492b"
          },
          "sensitive_attributes": [],
          "private": "eyJlMmJmYjczMC1lY2FhLTExZTYtOGY4OC0zNDM2M2JjN2M0YzAiOnsiY3JlYXRlIjozMDAwMDAwMDAwMDAsImRlbGV0ZSI6MzAwMDAwMDAwMDAwLCJ1cGRhdGUiOjEyMDAwMDAwMDAwMH19",
          "dependencies": [
            "module.network_module.aws_eip.nat2",
            "module.network_module.aws_internet_gateway.igw_main",
            "module.network_module.aws_nat_gateway.nat_gw2",
            "module.network_module.aws_subnet.public_us_east_1b",
            "module.network_module.aws_vpc.main"
          ]
        }
      ]
    },
    {
      "module": "module.network_module",
      "mode": "managed",
      "type": "aws_route_table",
      "name": "public_route_table",
      "provider": "provider[\"registry.terraform.io/hashicorp/aws\"]",
      "instances": [
        {
          "schema_version": 0,
          "attributes": {
            "arn": "arn:aws:ec2:us-east-1:888577031487:route-table/rtb-0549bae4e9b3022de",
            "id": "rtb-0549bae4e9b3022de",
            "owner_id": "888577031487",
            "propagating_vgws": [],
            "route": [
              {
                "carrier_gateway_id": "",
                "cidr_block": "0.0.0.0/0",
                "core_network_arn": "",
                "destination_prefix_list_id": "",
                "egress_only_gateway_id": "",
                "gateway_id": "igw-0f7c9038a249be653",
                "ipv6_cidr_block": "",
                "local_gateway_id": "",
                "nat_gateway_id": "",
                "network_interface_id": "",
                "transit_gateway_id": "",
                "vpc_endpoint_id": "",
                "vpc_peering_connection_id": ""
              }
            ],
            "tags": {
              "Name": "public_route_table"
            },
            "tags_all": {
              "Name": "public_route_table"
            },
            "timeouts": null,
            "vpc_id": "vpc-0d3febc1d60e2492b"
          },
          "sensitive_attributes": [],
          "private": "eyJlMmJmYjczMC1lY2FhLTExZTYtOGY4OC0zNDM2M2JjN2M0YzAiOnsiY3JlYXRlIjozMDAwMDAwMDAwMDAsImRlbGV0ZSI6MzAwMDAwMDAwMDAwLCJ1cGRhdGUiOjEyMDAwMDAwMDAwMH19",
          "dependencies": [
            "module.network_module.aws_internet_gateway.igw_main",
            "module.network_module.aws_vpc.main"
          ]
        }
      ]
    },
    {
      "module": "module.network_module",
      "mode": "managed",
      "type": "aws_route_table_association",
      "name": "private_route_1a",
      "provider": "provider[\"registry.terraform.io/hashicorp/aws\"]",
      "instances": [
        {
          "schema_version": 0,
          "attributes": {
            "gateway_id": "",
            "id": "rtbassoc-0c9fcff9c1a0b5616",
            "route_table_id": "rtb-04d1d4f238d2e0cc2",
            "subnet_id": "subnet-09063a511f673e1bd",
            "timeouts": null
          },
          "sensitive_attributes": [],
          "private": "eyJlMmJmYjczMC1lY2FhLTExZTYtOGY4OC0zNDM2M2JjN2M0YzAiOnsiY3JlYXRlIjozMDAwMDAwMDAwMDAsImRlbGV0ZSI6MzAwMDAwMDAwMDAwLCJ1cGRhdGUiOjEyMDAwMDAwMDAwMH19",
          "dependencies": [
            "module.network_module.aws_eip.nat1",
            "module.network_module.aws_internet_gateway.igw_main",
            "module.network_module.aws_nat_gateway.nat_gw1",
            "module.network_module.aws_route_table.private1_route_table",
            "module.network_module.aws_subnet.private_us_east_1a",
            "module.network_module.aws_subnet.public_us_east_1a",
            "module.network_module.aws_vpc.main"
          ]
        }
      ]
    },
    {
      "module": "module.network_module",
      "mode": "managed",
      "type": "aws_route_table_association",
      "name": "private_route_1b",
      "provider": "provider[\"registry.terraform.io/hashicorp/aws\"]",
      "instances": [
        {
          "schema_version": 0,
          "attributes": {
            "gateway_id": "",
            "id": "rtbassoc-0d50929c300c34279",
            "route_table_id": "rtb-0da0ed0ae22e06734",
            "subnet_id": "subnet-0822bef3e75813d6e",
            "timeouts": null
          },
          "sensitive_attributes": [],
          "private": "eyJlMmJmYjczMC1lY2FhLTExZTYtOGY4OC0zNDM2M2JjN2M0YzAiOnsiY3JlYXRlIjozMDAwMDAwMDAwMDAsImRlbGV0ZSI6MzAwMDAwMDAwMDAwLCJ1cGRhdGUiOjEyMDAwMDAwMDAwMH19",
          "dependencies": [
            "module.network_module.aws_eip.nat2",
            "module.network_module.aws_internet_gateway.igw_main",
            "module.network_module.aws_nat_gateway.nat_gw2",
            "module.network_module.aws_route_table.private2_route_table",
            "module.network_module.aws_subnet.private_us_east_1b",
            "module.network_module.aws_subnet.public_us_east_1b",
            "module.network_module.aws_vpc.main"
          ]
        }
      ]
    },
    {
      "module": "module.network_module",
      "mode": "managed",
      "type": "aws_route_table_association",
      "name": "public_route_1a",
      "provider": "provider[\"registry.terraform.io/hashicorp/aws\"]",
      "instances": [
        {
          "schema_version": 0,
          "attributes": {
            "gateway_id": "",
            "id": "rtbassoc-0cbc93b59d1a07882",
            "route_table_id": "rtb-0549bae4e9b3022de",
            "subnet_id": "subnet-05ae026617f7cab63",
            "timeouts": null
          },
          "sensitive_attributes": [],
          "private": "eyJlMmJmYjczMC1lY2FhLTExZTYtOGY4OC0zNDM2M2JjN2M0YzAiOnsiY3JlYXRlIjozMDAwMDAwMDAwMDAsImRlbGV0ZSI6MzAwMDAwMDAwMDAwLCJ1cGRhdGUiOjEyMDAwMDAwMDAwMH19",
          "dependencies": [
            "module.network_module.aws_internet_gateway.igw_main",
            "module.network_module.aws_route_table.public_route_table",
            "module.network_module.aws_subnet.public_us_east_1a",
            "module.network_module.aws_vpc.main"
          ]
        }
      ]
    },
    {
      "module": "module.network_module",
      "mode": "managed",
      "type": "aws_route_table_association",
      "name": "public_route_1b",
      "provider": "provider[\"registry.terraform.io/hashicorp/aws\"]",
      "instances": [
        {
          "schema_version": 0,
          "attributes": {
            "gateway_id": "",
            "id": "rtbassoc-0a418311b7b791677",
            "route_table_id": "rtb-0549bae4e9b3022de",
            "subnet_id": "subnet-005ed5f2dd9ab3d01",
            "timeouts": null
          },
          "sensitive_attributes": [],
          "private": "eyJlMmJmYjczMC1lY2FhLTExZTYtOGY4OC0zNDM2M2JjN2M0YzAiOnsiY3JlYXRlIjozMDAwMDAwMDAwMDAsImRlbGV0ZSI6MzAwMDAwMDAwMDAwLCJ1cGRhdGUiOjEyMDAwMDAwMDAwMH19",
          "dependencies": [
            "module.network_module.aws_internet_gateway.igw_main",
            "module.network_module.aws_route_table.public_route_table",
            "module.network_module.aws_subnet.public_us_east_1b",
            "module.network_module.aws_vpc.main"
          ]
        }
      ]
    },
    {
      "module": "module.network_module",
      "mode": "managed",
      "type": "aws_subnet",
      "name": "private_us_east_1a",
      "provider": "provider[\"registry.terraform.io/hashicorp/aws\"]",
      "instances": [
        {
          "schema_version": 1,
          "attributes": {
            "arn": "arn:aws:ec2:us-east-1:888577031487:subnet/subnet-09063a511f673e1bd",
            "assign_ipv6_address_on_creation": false,
            "availability_zone": "us-east-1a",
            "availability_zone_id": "use1-az6",
            "cidr_block": "10.0.2.0/24",
            "customer_owned_ipv4_pool": "",
            "enable_dns64": false,
            "enable_lni_at_device_index": 0,
            "enable_resource_name_dns_a_record_on_launch": false,
            "enable_resource_name_dns_aaaa_record_on_launch": false,
            "id": "subnet-09063a511f673e1bd",
            "ipv6_cidr_block": "",
            "ipv6_cidr_block_association_id": "",
            "ipv6_native": false,
            "map_customer_owned_ip_on_launch": false,
            "map_public_ip_on_launch": false,
            "outpost_arn": "",
            "owner_id": "888577031487",
            "private_dns_hostname_type_on_launch": "ip-name",
            "tags": {
              "Name": "private-us-east-1a",
              "kubernetes.io/cluster/eks": "owned",
              "kubernetes.io/role/internal-elb": "1"
            },
            "tags_all": {
              "Name": "private-us-east-1a",
              "kubernetes.io/cluster/eks": "owned",
              "kubernetes.io/role/internal-elb": "1"
            },
            "timeouts": null,
            "vpc_id": "vpc-0d3febc1d60e2492b"
          },
          "sensitive_attributes": [],
          "private": "eyJlMmJmYjczMC1lY2FhLTExZTYtOGY4OC0zNDM2M2JjN2M0YzAiOnsiY3JlYXRlIjo2MDAwMDAwMDAwMDAsImRlbGV0ZSI6MTIwMDAwMDAwMDAwMH0sInNjaGVtYV92ZXJzaW9uIjoiMSJ9",
          "dependencies": [
            "module.network_module.aws_vpc.main"
          ]
        }
      ]
    },
    {
      "module": "module.network_module",
      "mode": "managed",
      "type": "aws_subnet",
      "name": "private_us_east_1b",
      "provider": "provider[\"registry.terraform.io/hashicorp/aws\"]",
      "instances": [
        {
          "schema_version": 1,
          "attributes": {
            "arn": "arn:aws:ec2:us-east-1:888577031487:subnet/subnet-0822bef3e75813d6e",
            "assign_ipv6_address_on_creation": false,
            "availability_zone": "us-east-1b",
            "availability_zone_id": "use1-az1",
            "cidr_block": "10.0.3.0/24",
            "customer_owned_ipv4_pool": "",
            "enable_dns64": false,
            "enable_lni_at_device_index": 0,
            "enable_resource_name_dns_a_record_on_launch": false,
            "enable_resource_name_dns_aaaa_record_on_launch": false,
            "id": "subnet-0822bef3e75813d6e",
            "ipv6_cidr_block": "",
            "ipv6_cidr_block_association_id": "",
            "ipv6_native": false,
            "map_customer_owned_ip_on_launch": false,
            "map_public_ip_on_launch": false,
            "outpost_arn": "",
            "owner_id": "888577031487",
            "private_dns_hostname_type_on_launch": "ip-name",
            "tags": {
              "Name": "private-us-east-1b",
              "kubernetes.io/cluster/eks": "owned",
              "kubernetes.io/role/internal-elb": "1"
            },
            "tags_all": {
              "Name": "private-us-east-1b",
              "kubernetes.io/cluster/eks": "owned",
              "kubernetes.io/role/internal-elb": "1"
            },
            "timeouts": null,
            "vpc_id": "vpc-0d3febc1d60e2492b"
          },
          "sensitive_attributes": [],
          "private": "eyJlMmJmYjczMC1lY2FhLTExZTYtOGY4OC0zNDM2M2JjN2M0YzAiOnsiY3JlYXRlIjo2MDAwMDAwMDAwMDAsImRlbGV0ZSI6MTIwMDAwMDAwMDAwMH0sInNjaGVtYV92ZXJzaW9uIjoiMSJ9",
          "dependencies": [
            "module.network_module.aws_vpc.main"
          ]
        }
      ]
    },
    {
      "module": "module.network_module",
      "mode": "managed",
      "type": "aws_subnet",
      "name": "public_us_east_1a",
      "provider": "provider[\"registry.terraform.io/hashicorp/aws\"]",
      "instances": [
        {
          "schema_version": 1,
          "attributes": {
            "arn": "arn:aws:ec2:us-east-1:888577031487:subnet/subnet-05ae026617f7cab63",
            "assign_ipv6_address_on_creation": false,
            "availability_zone": "us-east-1a",
            "availability_zone_id": "use1-az6",
            "cidr_block": "10.0.0.0/24",
            "customer_owned_ipv4_pool": "",
            "enable_dns64": false,
            "enable_lni_at_device_index": 0,
            "enable_resource_name_dns_a_record_on_launch": false,
            "enable_resource_name_dns_aaaa_record_on_launch": false,
            "id": "subnet-05ae026617f7cab63",
            "ipv6_cidr_block": "",
            "ipv6_cidr_block_association_id": "",
            "ipv6_native": false,
            "map_customer_owned_ip_on_launch": false,
            "map_public_ip_on_launch": true,
            "outpost_arn": "",
            "owner_id": "888577031487",
            "private_dns_hostname_type_on_launch": "ip-name",
            "tags": {
              "Name": "public-us-east-1a",
              "kubernetes.io/cluster/eks": "shared",
              "kubernetes.io/role/elb": "1"
            },
            "tags_all": {
              "Name": "public-us-east-1a",
              "kubernetes.io/cluster/eks": "shared",
              "kubernetes.io/role/elb": "1"
            },
            "timeouts": null,
            "vpc_id": "vpc-0d3febc1d60e2492b"
          },
          "sensitive_attributes": [],
          "private": "eyJlMmJmYjczMC1lY2FhLTExZTYtOGY4OC0zNDM2M2JjN2M0YzAiOnsiY3JlYXRlIjo2MDAwMDAwMDAwMDAsImRlbGV0ZSI6MTIwMDAwMDAwMDAwMH0sInNjaGVtYV92ZXJzaW9uIjoiMSJ9",
          "dependencies": [
            "module.network_module.aws_vpc.main"
          ]
        }
      ]
    },
    {
      "module": "module.network_module",
      "mode": "managed",
      "type": "aws_subnet",
      "name": "public_us_east_1b",
      "provider": "provider[\"registry.terraform.io/hashicorp/aws\"]",
      "instances": [
        {
          "schema_version": 1,
          "attributes": {
            "arn": "arn:aws:ec2:us-east-1:888577031487:subnet/subnet-005ed5f2dd9ab3d01",
            "assign_ipv6_address_on_creation": false,
            "availability_zone": "us-east-1b",
            "availability_zone_id": "use1-az1",
            "cidr_block": "10.0.1.0/24",
            "customer_owned_ipv4_pool": "",
            "enable_dns64": false,
            "enable_lni_at_device_index": 0,
            "enable_resource_name_dns_a_record_on_launch": false,
            "enable_resource_name_dns_aaaa_record_on_launch": false,
            "id": "subnet-005ed5f2dd9ab3d01",
            "ipv6_cidr_block": "",
            "ipv6_cidr_block_association_id": "",
            "ipv6_native": false,
            "map_customer_owned_ip_on_launch": false,
            "map_public_ip_on_launch": true,
            "outpost_arn": "",
            "owner_id": "888577031487",
            "private_dns_hostname_type_on_launch": "ip-name",
            "tags": {
              "Name": "public-us-east-1b",
              "kubernetes.io/cluster/eks": "shared",
              "kubernetes.io/role/elb": "1"
            },
            "tags_all": {
              "Name": "public-us-east-1b",
              "kubernetes.io/cluster/eks": "shared",
              "kubernetes.io/role/elb": "1"
            },
            "timeouts": null,
            "vpc_id": "vpc-0d3febc1d60e2492b"
          },
          "sensitive_attributes": [],
          "private": "eyJlMmJmYjczMC1lY2FhLTExZTYtOGY4OC0zNDM2M2JjN2M0YzAiOnsiY3JlYXRlIjo2MDAwMDAwMDAwMDAsImRlbGV0ZSI6MTIwMDAwMDAwMDAwMH0sInNjaGVtYV92ZXJzaW9uIjoiMSJ9",
          "dependencies": [
            "module.network_module.aws_vpc.main"
          ]
        }
      ]
    },
    {
      "module": "module.network_module",
      "mode": "managed",
      "type": "aws_vpc",
      "name": "main",
      "provider": "provider[\"registry.terraform.io/hashicorp/aws\"]",
      "instances": [
        {
          "schema_version": 1,
          "attributes": {
            "arn": "arn:aws:ec2:us-east-1:888577031487:vpc/vpc-0d3febc1d60e2492b",
            "assign_generated_ipv6_cidr_block": false,
            "cidr_block": "10.0.0.0/16",
            "default_network_acl_id": "acl-063a1e681d436d288",
            "default_route_table_id": "rtb-03daac0e3c2a35f40",
            "default_security_group_id": "sg-0202c88f75f59cffe",
            "dhcp_options_id": "dopt-0dfc0fb044de3ad61",
            "enable_dns_hostnames": true,
            "enable_dns_support": true,
            "enable_network_address_usage_metrics": false,
            "id": "vpc-0d3febc1d60e2492b",
            "instance_tenancy": "default",
            "ipv4_ipam_pool_id": null,
            "ipv4_netmask_length": null,
            "ipv6_association_id": "",
            "ipv6_cidr_block": "",
            "ipv6_cidr_block_network_border_group": "",
            "ipv6_ipam_pool_id": "",
            "ipv6_netmask_length": 0,
            "main_route_table_id": "rtb-03daac0e3c2a35f40",
            "owner_id": "888577031487",
            "tags": {
              "Name": "main-vpc"
            },
            "tags_all": {
              "Name": "main-vpc"
            }
          },
          "sensitive_attributes": [],
          "private": "eyJzY2hlbWFfdmVyc2lvbiI6IjEifQ=="
        }
      ]
    }
  ],
  "check_results": null
}
