{
  "version": 4,
  "terraform_version": "1.6.1",
  "serial": 53,
  "lineage": "2a1f137f-0525-db81-2a41-a5241bc7f215",
  "outputs": {},
  "resources": [
    {
      "module": "module.network_module",
      "mode": "managed",
      "type": "aws_vpc",
      "name": "main",
      "provider": "provider[\"registry.terraform.io/hashicorp/aws\"]",
      "instances": [
        {
          "schema_version": 1,
          "attributes": {
            "arn": "arn:aws:ec2:us-east-1:141083525350:vpc/vpc-05035c005a0413ce1",
            "assign_generated_ipv6_cidr_block": false,
            "cidr_block": "10.0.0.0/16",
            "default_network_acl_id": "acl-0ebc59ed06a617ae7",
            "default_route_table_id": "rtb-01e402f527948f9e6",
            "default_security_group_id": "sg-0c79a83563e2b9a44",
            "dhcp_options_id": "dopt-03ce8c45d01c36c78",
            "enable_dns_hostnames": true,
            "enable_dns_support": true,
            "enable_network_address_usage_metrics": false,
            "id": "vpc-05035c005a0413ce1",
            "instance_tenancy": "default",
            "ipv4_ipam_pool_id": null,
            "ipv4_netmask_length": null,
            "ipv6_association_id": "",
            "ipv6_cidr_block": "",
            "ipv6_cidr_block_network_border_group": "",
            "ipv6_ipam_pool_id": "",
            "ipv6_netmask_length": 0,
            "main_route_table_id": "rtb-01e402f527948f9e6",
            "owner_id": "141083525350",
            "tags": {
              "Name": "main-vpc"
            },
            "tags_all": {
              "Name": "main-vpc"
            }
          },
          "sensitive_attributes": [],
          "private": "eyJzY2hlbWFfdmVyc2lvbiI6IjEifQ=="
        }
      ]
    }
  ],
  "check_results": null
}
